
Microsoft Visual Studio Solution File, Format Version 12.00
# Visual Studio 15
VisualStudioVersion = 15.0.26430.16
MinimumVisualStudioVersion = 10.0.40219.1
Project("{FAE04EC0-301F-11D3-BF4B-00C04F79EFBC}") = "MarshallsRevenueGUI", "MarshallsRevenueGUI\MarshallsRevenueGUI.csproj", "{5349F711-0A0D-4059-A83B-B935D61EDC45}"
EndProject
Global
	GlobalSection(SolutionConfigurationPlatforms) = preSolution
		Debug|Any CPU = Debug|Any CPU
		Release|Any CPU = Release|Any CPU
	EndGlobalSection
	GlobalSection(ProjectConfigurationPlatforms) = postSolution
		{5349F711-0A0D-4059-A83B-B935D61EDC45}.Debug|Any CPU.ActiveCfg = Debug|Any CPU
		{5349F711-0A0D-4059-A83B-B935D61EDC45}.Debug|Any CPU.Build.0 = Debug|Any CPU
		{5349F711-0A0D-4059-A83B-B935D61EDC45}.Release|Any CPU.ActiveCfg = Release|Any CPU
		{5349F711-0A0D-4059-A83B-B935D61EDC45}.Release|Any CPU.Build.0 = Release|Any CPU
	EndGlobalSection
	GlobalSection(SolutionProperties) = preSolution
		HideSolutionNode = FALSE
	EndGlobalSection
EndGlobal
